{
  "name": "ts-maps",
  "version": "1.0.0",
  "lockfileVersion": 1,
  "requires": true,
  "dependencies": {
    "@faker-js/faker": {
      "version": "6.0.0-alpha.5",
      "resolved": "https://registry.npmjs.org/@faker-js/faker/-/faker-6.0.0-alpha.5.tgz",
      "integrity": "sha512-8Is/xFxNgricqmhQR/AJ4Vi0cKzSR7FcpE0ImG9dWciuSxUkyCiK+B5/hTQP8jrVbtgTjpFC1AaTCnALJOBDmw=="
    },
    "@types/faker": {
      "version": "6.6.9",
      "resolved": "https://registry.npmjs.org/@types/faker/-/faker-6.6.9.tgz",
      "integrity": "sha512-Y9YYm5L//8ooiiknO++4Gr539zzdI0j3aXnOBjo1Vk+kTvffY10GuE2wn78AFPECwZ5MYGTjiDVw1naLLdDimw==",
      "requires": {
        "faker": "*"
      }
    },
    "faker": {
      "version": "6.6.6",
      "resolved": "https://registry.npmjs.org/faker/-/faker-6.6.6.tgz",
      "integrity": "sha512-9tCqYEDHI5RYFQigXFwF1hnCwcWCOJl/hmll0lr5D2Ljjb0o4wphb69wikeJDz5qCEzXCoPvG6ss5SDP6IfOdg=="
    }
  }
}
